
Microsoft Visual Studio Solution File, Format Version 12.00
# Visual Studio Version 17
VisualStudioVersion = 17.8.34408.163
MinimumVisualStudioVersion = 10.0.40219.1
Project("{FAE04EC0-301F-11D3-BF4B-00C04F79EFBC}") = "LoginScreenAss.Android", "LoginScreenAss\LoginScreenAss.Android\LoginScreenAss.Android.csproj", "{08EC5EDB-324E-4654-BF37-99DA4C942205}"
EndProject
Project("{FAE04EC0-301F-11D3-BF4B-00C04F79EFBC}") = "LoginScreenAss.iOS", "LoginScreenAss\LoginScreenAss.iOS\LoginScreenAss.iOS.csproj", "{550E5FB7-B343-49D1-BF7E-6899F5FD4C46}"
EndProject
Project("{FAE04EC0-301F-11D3-BF4B-00C04F79EFBC}") = "LoginScreenAss", "LoginScreenAss\LoginScreenAss\LoginScreenAss.csproj", "{1E1AC02A-1B6A-444E-A6D9-2CC0E4A1C44D}"
EndProject
Global
	GlobalSection(SolutionConfigurationPlatforms) = preSolution
		Debug|Any CPU = Debug|Any CPU
		Debug|iPhone = Debug|iPhone
		Debug|iPhoneSimulator = Debug|iPhoneSimulator
		Release|Any CPU = Release|Any CPU
		Release|iPhone = Release|iPhone
		Release|iPhoneSimulator = Release|iPhoneSimulator
	EndGlobalSection
	GlobalSection(ProjectConfigurationPlatforms) = postSolution
		{08EC5EDB-324E-4654-BF37-99DA4C942205}.Debug|Any CPU.ActiveCfg = Debug|Any CPU
		{08EC5EDB-324E-4654-BF37-99DA4C942205}.Debug|Any CPU.Build.0 = Debug|Any CPU
		{08EC5EDB-324E-4654-BF37-99DA4C942205}.Debug|Any CPU.Deploy.0 = Debug|Any CPU
		{08EC5EDB-324E-4654-BF37-99DA4C942205}.Debug|iPhone.ActiveCfg = Debug|Any CPU
		{08EC5EDB-324E-4654-BF37-99DA4C942205}.Debug|iPhone.Build.0 = Debug|Any CPU
		{08EC5EDB-324E-4654-BF37-99DA4C942205}.Debug|iPhone.Deploy.0 = Debug|Any CPU
		{08EC5EDB-324E-4654-BF37-99DA4C942205}.Debug|iPhoneSimulator.ActiveCfg = Debug|Any CPU
		{08EC5EDB-324E-4654-BF37-99DA4C942205}.Debug|iPhoneSimulator.Build.0 = Debug|Any CPU
		{08EC5EDB-324E-4654-BF37-99DA4C942205}.Debug|iPhoneSimulator.Deploy.0 = Debug|Any CPU
		{08EC5EDB-324E-4654-BF37-99DA4C942205}.Release|Any CPU.ActiveCfg = Release|Any CPU
		{08EC5EDB-324E-4654-BF37-99DA4C942205}.Release|Any CPU.Build.0 = Release|Any CPU
		{08EC5EDB-324E-4654-BF37-99DA4C942205}.Release|Any CPU.Deploy.0 = Release|Any CPU
		{08EC5EDB-324E-4654-BF37-99DA4C942205}.Release|iPhone.ActiveCfg = Release|Any CPU
		{08EC5EDB-324E-4654-BF37-99DA4C942205}.Release|iPhone.Build.0 = Release|Any CPU
		{08EC5EDB-324E-4654-BF37-99DA4C942205}.Release|iPhone.Deploy.0 = Release|Any CPU
		{08EC5EDB-324E-4654-BF37-99DA4C942205}.Release|iPhoneSimulator.ActiveCfg = Release|Any CPU
		{08EC5EDB-324E-4654-BF37-99DA4C942205}.Release|iPhoneSimulator.Build.0 = Release|Any CPU
		{08EC5EDB-324E-4654-BF37-99DA4C942205}.Release|iPhoneSimulator.Deploy.0 = Release|Any CPU
		{550E5FB7-B343-49D1-BF7E-6899F5FD4C46}.Debug|Any CPU.ActiveCfg = Debug|iPhone
		{550E5FB7-B343-49D1-BF7E-6899F5FD4C46}.Debug|Any CPU.Build.0 = Debug|iPhone
		{550E5FB7-B343-49D1-BF7E-6899F5FD4C46}.Debug|Any CPU.Deploy.0 = Debug|iPhone
		{550E5FB7-B343-49D1-BF7E-6899F5FD4C46}.Debug|iPhone.ActiveCfg = Debug|iPhone
		{550E5FB7-B343-49D1-BF7E-6899F5FD4C46}.Debug|iPhone.Build.0 = Debug|iPhone
		{550E5FB7-B343-49D1-BF7E-6899F5FD4C46}.Debug|iPhone.Deploy.0 = Debug|iPhone
		{550E5FB7-B343-49D1-BF7E-6899F5FD4C46}.Debug|iPhoneSimulator.ActiveCfg = Debug|iPhoneSimulator
		{550E5FB7-B343-49D1-BF7E-6899F5FD4C46}.Debug|iPhoneSimulator.Build.0 = Debug|iPhoneSimulator
		{550E5FB7-B343-49D1-BF7E-6899F5FD4C46}.Debug|iPhoneSimulator.Deploy.0 = Debug|iPhoneSimulator
		{550E5FB7-B343-49D1-BF7E-6899F5FD4C46}.Release|Any CPU.ActiveCfg = Release|iPhoneSimulator
		{550E5FB7-B343-49D1-BF7E-6899F5FD4C46}.Release|Any CPU.Build.0 = Release|iPhoneSimulator
		{550E5FB7-B343-49D1-BF7E-6899F5FD4C46}.Release|Any CPU.Deploy.0 = Release|iPhoneSimulator
		{550E5FB7-B343-49D1-BF7E-6899F5FD4C46}.Release|iPhone.ActiveCfg = Release|iPhone
		{550E5FB7-B343-49D1-BF7E-6899F5FD4C46}.Release|iPhone.Build.0 = Release|iPhone
		{550E5FB7-B343-49D1-BF7E-6899F5FD4C46}.Release|iPhone.Deploy.0 = Release|iPhone
		{550E5FB7-B343-49D1-BF7E-6899F5FD4C46}.Release|iPhoneSimulator.ActiveCfg = Release|iPhoneSimulator
		{550E5FB7-B343-49D1-BF7E-6899F5FD4C46}.Release|iPhoneSimulator.Build.0 = Release|iPhoneSimulator
		{550E5FB7-B343-49D1-BF7E-6899F5FD4C46}.Release|iPhoneSimulator.Deploy.0 = Release|iPhoneSimulator
		{1E1AC02A-1B6A-444E-A6D9-2CC0E4A1C44D}.Debug|Any CPU.ActiveCfg = Debug|Any CPU
		{1E1AC02A-1B6A-444E-A6D9-2CC0E4A1C44D}.Debug|Any CPU.Build.0 = Debug|Any CPU
		{1E1AC02A-1B6A-444E-A6D9-2CC0E4A1C44D}.Debug|Any CPU.Deploy.0 = Debug|Any CPU
		{1E1AC02A-1B6A-444E-A6D9-2CC0E4A1C44D}.Debug|iPhone.ActiveCfg = Debug|Any CPU
		{1E1AC02A-1B6A-444E-A6D9-2CC0E4A1C44D}.Debug|iPhone.Build.0 = Debug|Any CPU
		{1E1AC02A-1B6A-444E-A6D9-2CC0E4A1C44D}.Debug|iPhone.Deploy.0 = Debug|Any CPU
		{1E1AC02A-1B6A-444E-A6D9-2CC0E4A1C44D}.Debug|iPhoneSimulator.ActiveCfg = Debug|Any CPU
		{1E1AC02A-1B6A-444E-A6D9-2CC0E4A1C44D}.Debug|iPhoneSimulator.Build.0 = Debug|Any CPU
		{1E1AC02A-1B6A-444E-A6D9-2CC0E4A1C44D}.Debug|iPhoneSimulator.Deploy.0 = Debug|Any CPU
		{1E1AC02A-1B6A-444E-A6D9-2CC0E4A1C44D}.Release|Any CPU.ActiveCfg = Release|Any CPU
		{1E1AC02A-1B6A-444E-A6D9-2CC0E4A1C44D}.Release|Any CPU.Build.0 = Release|Any CPU
		{1E1AC02A-1B6A-444E-A6D9-2CC0E4A1C44D}.Release|Any CPU.Deploy.0 = Release|Any CPU
		{1E1AC02A-1B6A-444E-A6D9-2CC0E4A1C44D}.Release|iPhone.ActiveCfg = Release|Any CPU
		{1E1AC02A-1B6A-444E-A6D9-2CC0E4A1C44D}.Release|iPhone.Build.0 = Release|Any CPU
		{1E1AC02A-1B6A-444E-A6D9-2CC0E4A1C44D}.Release|iPhone.Deploy.0 = Release|Any CPU
		{1E1AC02A-1B6A-444E-A6D9-2CC0E4A1C44D}.Release|iPhoneSimulator.ActiveCfg = Release|Any CPU
		{1E1AC02A-1B6A-444E-A6D9-2CC0E4A1C44D}.Release|iPhoneSimulator.Build.0 = Release|Any CPU
		{1E1AC02A-1B6A-444E-A6D9-2CC0E4A1C44D}.Release|iPhoneSimulator.Deploy.0 = Release|Any CPU
	EndGlobalSection
	GlobalSection(SolutionProperties) = preSolution
		HideSolutionNode = FALSE
	EndGlobalSection
	GlobalSection(ExtensibilityGlobals) = postSolution
		SolutionGuid = {173E74DA-2DEA-426D-8C22-483E40C1BCD8}
	EndGlobalSection
EndGlobal
